
Microsoft Visual Studio Solution File, Format Version 12.00
# Visual Studio Version 17
VisualStudioVersion = 17.1.32210.238
MinimumVisualStudioVersion = 10.0.40219.1
Project("{FAE04EC0-301F-11D3-BF4B-00C04F79EFBC}") = "MicroservicesConcept", "MicroservicesConcept\MicroservicesConcept.csproj", "{A74E8B78-54A0-472F-AA60-5B85FA88C775}"
EndProject
Global
	GlobalSection(SolutionConfigurationPlatforms) = preSolution
		Debug|Any CPU = Debug|Any CPU
		Release|Any CPU = Release|Any CPU
	EndGlobalSection
	GlobalSection(ProjectConfigurationPlatforms) = postSolution
		{A74E8B78-54A0-472F-AA60-5B85FA88C775}.Debug|Any CPU.ActiveCfg = Debug|Any CPU
		{A74E8B78-54A0-472F-AA60-5B85FA88C775}.Debug|Any CPU.Build.0 = Debug|Any CPU
		{A74E8B78-54A0-472F-AA60-5B85FA88C775}.Release|Any CPU.ActiveCfg = Release|Any CPU
		{A74E8B78-54A0-472F-AA60-5B85FA88C775}.Release|Any CPU.Build.0 = Release|Any CPU
	EndGlobalSection
	GlobalSection(SolutionProperties) = preSolution
		HideSolutionNode = FALSE
	EndGlobalSection
	GlobalSection(ExtensibilityGlobals) = postSolution
		SolutionGuid = {923B149A-0F68-4B0C-9A2E-855FE04C8E6F}
	EndGlobalSection
EndGlobal
